// !$*UTF8*$!
{
	archiveVersion = 1;
	classes = {
	};
	objectVersion = 50;
	objects = {

/* Begin PBXBuildFile section */
		3F4B5491255D51F7002C8D80 /* AppDelegate.swift in Sources */ = {isa = PBXBuildFile; fileRef = 3F4B5490255D51F7002C8D80 /* AppDelegate.swift */; };
		3F4B5498255D51F7002C8D80 /* Main.storyboard in Resources */ = {isa = PBXBuildFile; fileRef = 3F4B5496255D51F7002C8D80 /* Main.storyboard */; };
		3F4B549A255D51FD002C8D80 /* Assets.xcassets in Resources */ = {isa = PBXBuildFile; fileRef = 3F4B5499255D51FD002C8D80 /* Assets.xcassets */; };
		3F4B549D255D51FD002C8D80 /* LaunchScreen.storyboard in Resources */ = {isa = PBXBuildFile; fileRef = 3F4B549B255D51FD002C8D80 /* LaunchScreen.storyboard */; };
		3F4B54A8255D51FD002C8D80 /* TestTaskTests.swift in Sources */ = {isa = PBXBuildFile; fileRef = 3F4B54A7255D51FD002C8D80 /* TestTaskTests.swift */; };
		3F4B54B3255D51FD002C8D80 /* TestTaskUITests.swift in Sources */ = {isa = PBXBuildFile; fileRef = 3F4B54B2255D51FD002C8D80 /* TestTaskUITests.swift */; };
		3F4B54CC255D52B2002C8D80 /* LoginViewController.swift in Sources */ = {isa = PBXBuildFile; fileRef = 3F4B54CB255D52B2002C8D80 /* LoginViewController.swift */; };
		3F4B54D4255D52CA002C8D80 /* WelcomeViewController.swift in Sources */ = {isa = PBXBuildFile; fileRef = 3F4B54D3255D52CA002C8D80 /* WelcomeViewController.swift */; };
		3F4B54F4255D5758002C8D80 /* UIColor+Extension.swift in Sources */ = {isa = PBXBuildFile; fileRef = 3F4B54F3255D5758002C8D80 /* UIColor+Extension.swift */; };
		3F4B54FD255D5EEA002C8D80 /* CircleView.swift in Sources */ = {isa = PBXBuildFile; fileRef = 3F4B54FC255D5EEA002C8D80 /* CircleView.swift */; };
		3F4B550C255D65E3002C8D80 /* imageEnum.swift in Sources */ = {isa = PBXBuildFile; fileRef = 3F4B550B255D65E3002C8D80 /* imageEnum.swift */; };
		3F4B5517255D6F18002C8D80 /* RoundedButton.swift in Sources */ = {isa = PBXBuildFile; fileRef = 3F4B5516255D6F17002C8D80 /* RoundedButton.swift */; };
		3F4B551C255D775E002C8D80 /* UIButton+Extension.swift in Sources */ = {isa = PBXBuildFile; fileRef = 3F4B551B255D775E002C8D80 /* UIButton+Extension.swift */; };
		3F6A2227255D96B600DF3D69 /* WelcomePresenter.swift in Sources */ = {isa = PBXBuildFile; fileRef = 3F6A2226255D96B600DF3D69 /* WelcomePresenter.swift */; };
		3F6A222C255D96C400DF3D69 /* LoginPresenter.swift in Sources */ = {isa = PBXBuildFile; fileRef = 3F6A222B255D96C400DF3D69 /* LoginPresenter.swift */; };
		3F6A2231255D96D500DF3D69 /* Router.swift in Sources */ = {isa = PBXBuildFile; fileRef = 3F6A2230255D96D500DF3D69 /* Router.swift */; };
		3F6A223F255D970D00DF3D69 /* ServiceFactory.swift in Sources */ = {isa = PBXBuildFile; fileRef = 3F6A223E255D970D00DF3D69 /* ServiceFactory.swift */; };
		3F6A2244255D974400DF3D69 /* EmailValidateService.swift in Sources */ = {isa = PBXBuildFile; fileRef = 3F6A2243255D974400DF3D69 /* EmailValidateService.swift */; };
		3F6A2256255D978D00DF3D69 /* RoutableViewController.swift in Sources */ = {isa = PBXBuildFile; fileRef = 3F6A2255255D978D00DF3D69 /* RoutableViewController.swift */; };
		3F6A2261255D98B000DF3D69 /* AssemblyBuilder.swift in Sources */ = {isa = PBXBuildFile; fileRef = 3F6A2260255D98B000DF3D69 /* AssemblyBuilder.swift */; };
		3F6A2273255E736000DF3D69 /* CustomTextField.swift in Sources */ = {isa = PBXBuildFile; fileRef = 3F6A2272255E736000DF3D69 /* CustomTextField.swift */; };
		3F6A227C255E7C9600DF3D69 /* RecoveryViewController.swift in Sources */ = {isa = PBXBuildFile; fileRef = 3F6A227B255E7C9600DF3D69 /* RecoveryViewController.swift */; };
		3F6A2284255E7CAA00DF3D69 /* RecoveryPresenter.swift in Sources */ = {isa = PBXBuildFile; fileRef = 3F6A2283255E7CAA00DF3D69 /* RecoveryPresenter.swift */; };
/* End PBXBuildFile section */

/* Begin PBXContainerItemProxy section */
		3F4B54A4255D51FD002C8D80 /* PBXContainerItemProxy */ = {
			isa = PBXContainerItemProxy;
			containerPortal = 3F4B5485255D51F6002C8D80 /* Project object */;
			proxyType = 1;
			remoteGlobalIDString = 3F4B548C255D51F7002C8D80;
			remoteInfo = TestTask;
		};
		3F4B54AF255D51FD002C8D80 /* PBXContainerItemProxy */ = {
			isa = PBXContainerItemProxy;
			containerPortal = 3F4B5485255D51F6002C8D80 /* Project object */;
			proxyType = 1;
			remoteGlobalIDString = 3F4B548C255D51F7002C8D80;
			remoteInfo = TestTask;
		};
/* End PBXContainerItemProxy section */

/* Begin PBXFileReference section */
		3F4B548D255D51F7002C8D80 /* TestTask.app */ = {isa = PBXFileReference; explicitFileType = wrapper.application; includeInIndex = 0; path = TestTask.app; sourceTree = BUILT_PRODUCTS_DIR; };
		3F4B5490255D51F7002C8D80 /* AppDelegate.swift */ = {isa = PBXFileReference; lastKnownFileType = sourcecode.swift; path = AppDelegate.swift; sourceTree = "<group>"; };
		3F4B5497255D51F7002C8D80 /* Base */ = {isa = PBXFileReference; lastKnownFileType = file.storyboard; name = Base; path = Base.lproj/Main.storyboard; sourceTree = "<group>"; };
		3F4B5499255D51FD002C8D80 /* Assets.xcassets */ = {isa = PBXFileReference; lastKnownFileType = folder.assetcatalog; path = Assets.xcassets; sourceTree = "<group>"; };
		3F4B549C255D51FD002C8D80 /* Base */ = {isa = PBXFileReference; lastKnownFileType = file.storyboard; name = Base; path = Base.lproj/LaunchScreen.storyboard; sourceTree = "<group>"; };
		3F4B549E255D51FD002C8D80 /* Info.plist */ = {isa = PBXFileReference; lastKnownFileType = text.plist.xml; path = Info.plist; sourceTree = "<group>"; };
		3F4B54A3255D51FD002C8D80 /* TestTaskTests.xctest */ = {isa = PBXFileReference; explicitFileType = wrapper.cfbundle; includeInIndex = 0; path = TestTaskTests.xctest; sourceTree = BUILT_PRODUCTS_DIR; };
		3F4B54A7255D51FD002C8D80 /* TestTaskTests.swift */ = {isa = PBXFileReference; lastKnownFileType = sourcecode.swift; path = TestTaskTests.swift; sourceTree = "<group>"; };
		3F4B54A9255D51FD002C8D80 /* Info.plist */ = {isa = PBXFileReference; lastKnownFileType = text.plist.xml; path = Info.plist; sourceTree = "<group>"; };
		3F4B54AE255D51FD002C8D80 /* TestTaskUITests.xctest */ = {isa = PBXFileReference; explicitFileType = wrapper.cfbundle; includeInIndex = 0; path = TestTaskUITests.xctest; sourceTree = BUILT_PRODUCTS_DIR; };
		3F4B54B2255D51FD002C8D80 /* TestTaskUITests.swift */ = {isa = PBXFileReference; lastKnownFileType = sourcecode.swift; path = TestTaskUITests.swift; sourceTree = "<group>"; };
		3F4B54B4255D51FD002C8D80 /* Info.plist */ = {isa = PBXFileReference; lastKnownFileType = text.plist.xml; path = Info.plist; sourceTree = "<group>"; };
		3F4B54CB255D52B2002C8D80 /* LoginViewController.swift */ = {isa = PBXFileReference; lastKnownFileType = sourcecode.swift; path = LoginViewController.swift; sourceTree = "<group>"; };
		3F4B54D3255D52CA002C8D80 /* WelcomeViewController.swift */ = {isa = PBXFileReference; lastKnownFileType = sourcecode.swift; path = WelcomeViewController.swift; sourceTree = "<group>"; };
		3F4B54F3255D5758002C8D80 /* UIColor+Extension.swift */ = {isa = PBXFileReference; lastKnownFileType = sourcecode.swift; path = "UIColor+Extension.swift"; sourceTree = "<group>"; };
		3F4B54FC255D5EEA002C8D80 /* CircleView.swift */ = {isa = PBXFileReference; lastKnownFileType = sourcecode.swift; path = CircleView.swift; sourceTree = "<group>"; };
		3F4B550B255D65E3002C8D80 /* imageEnum.swift */ = {isa = PBXFileReference; lastKnownFileType = sourcecode.swift; path = imageEnum.swift; sourceTree = "<group>"; };
		3F4B5516255D6F17002C8D80 /* RoundedButton.swift */ = {isa = PBXFileReference; lastKnownFileType = sourcecode.swift; path = RoundedButton.swift; sourceTree = "<group>"; };
		3F4B551B255D775E002C8D80 /* UIButton+Extension.swift */ = {isa = PBXFileReference; lastKnownFileType = sourcecode.swift; path = "UIButton+Extension.swift"; sourceTree = "<group>"; };
		3F6A2226255D96B600DF3D69 /* WelcomePresenter.swift */ = {isa = PBXFileReference; lastKnownFileType = sourcecode.swift; path = WelcomePresenter.swift; sourceTree = "<group>"; };
		3F6A222B255D96C400DF3D69 /* LoginPresenter.swift */ = {isa = PBXFileReference; lastKnownFileType = sourcecode.swift; path = LoginPresenter.swift; sourceTree = "<group>"; };
		3F6A2230255D96D500DF3D69 /* Router.swift */ = {isa = PBXFileReference; lastKnownFileType = sourcecode.swift; path = Router.swift; sourceTree = "<group>"; };
		3F6A223E255D970D00DF3D69 /* ServiceFactory.swift */ = {isa = PBXFileReference; lastKnownFileType = sourcecode.swift; path = ServiceFactory.swift; sourceTree = "<group>"; };
		3F6A2243255D974400DF3D69 /* EmailValidateService.swift */ = {isa = PBXFileReference; lastKnownFileType = sourcecode.swift; path = EmailValidateService.swift; sourceTree = "<group>"; };
		3F6A2255255D978D00DF3D69 /* RoutableViewController.swift */ = {isa = PBXFileReference; lastKnownFileType = sourcecode.swift; path = RoutableViewController.swift; sourceTree = "<group>"; };
		3F6A2260255D98B000DF3D69 /* AssemblyBuilder.swift */ = {isa = PBXFileReference; lastKnownFileType = sourcecode.swift; path = AssemblyBuilder.swift; sourceTree = "<group>"; };
		3F6A2272255E736000DF3D69 /* CustomTextField.swift */ = {isa = PBXFileReference; lastKnownFileType = sourcecode.swift; path = CustomTextField.swift; sourceTree = "<group>"; };
		3F6A227B255E7C9600DF3D69 /* RecoveryViewController.swift */ = {isa = PBXFileReference; lastKnownFileType = sourcecode.swift; path = RecoveryViewController.swift; sourceTree = "<group>"; };
		3F6A2283255E7CAA00DF3D69 /* RecoveryPresenter.swift */ = {isa = PBXFileReference; lastKnownFileType = sourcecode.swift; path = RecoveryPresenter.swift; sourceTree = "<group>"; };
/* End PBXFileReference section */

/* Begin PBXFrameworksBuildPhase section */
		3F4B548A255D51F7002C8D80 /* Frameworks */ = {
			isa = PBXFrameworksBuildPhase;
			buildActionMask = 2147483647;
			files = (
			);
			runOnlyForDeploymentPostprocessing = 0;
		};
		3F4B54A0255D51FD002C8D80 /* Frameworks */ = {
			isa = PBXFrameworksBuildPhase;
			buildActionMask = 2147483647;
			files = (
			);
			runOnlyForDeploymentPostprocessing = 0;
		};
		3F4B54AB255D51FD002C8D80 /* Frameworks */ = {
			isa = PBXFrameworksBuildPhase;
			buildActionMask = 2147483647;
			files = (
			);
			runOnlyForDeploymentPostprocessing = 0;
		};
/* End PBXFrameworksBuildPhase section */

/* Begin PBXGroup section */
		3F4B5484255D51F6002C8D80 = {
			isa = PBXGroup;
			children = (
				3F4B548F255D51F7002C8D80 /* TestTask */,
				3F4B54A6255D51FD002C8D80 /* TestTaskTests */,
				3F4B54B1255D51FD002C8D80 /* TestTaskUITests */,
				3F4B548E255D51F7002C8D80 /* Products */,
			);
			sourceTree = "<group>";
		};
		3F4B548E255D51F7002C8D80 /* Products */ = {
			isa = PBXGroup;
			children = (
				3F4B548D255D51F7002C8D80 /* TestTask.app */,
				3F4B54A3255D51FD002C8D80 /* TestTaskTests.xctest */,
				3F4B54AE255D51FD002C8D80 /* TestTaskUITests.xctest */,
			);
			name = Products;
			sourceTree = "<group>";
		};
		3F4B548F255D51F7002C8D80 /* TestTask */ = {
			isa = PBXGroup;
			children = (
				3F4B5490255D51F7002C8D80 /* AppDelegate.swift */,
				3F4B550B255D65E3002C8D80 /* imageEnum.swift */,
				3F7C18262562855000B778FC /* Modules */,
				3F6A2235255D96DA00DF3D69 /* Services */,
				3F6A225A255D979000DF3D69 /* Base */,
				3F4B54F8255D575D002C8D80 /* Extensions */,
				3F4B5501255D5EEF002C8D80 /* CustomClasses */,
				3F4B5496255D51F7002C8D80 /* Main.storyboard */,
				3F4B5499255D51FD002C8D80 /* Assets.xcassets */,
				3F4B549B255D51FD002C8D80 /* LaunchScreen.storyboard */,
				3F4B549E255D51FD002C8D80 /* Info.plist */,
			);
			path = TestTask;
			sourceTree = "<group>";
		};
		3F4B54A6255D51FD002C8D80 /* TestTaskTests */ = {
			isa = PBXGroup;
			children = (
				3F4B54A7255D51FD002C8D80 /* TestTaskTests.swift */,
				3F4B54A9255D51FD002C8D80 /* Info.plist */,
			);
			path = TestTaskTests;
			sourceTree = "<group>";
		};
		3F4B54B1255D51FD002C8D80 /* TestTaskUITests */ = {
			isa = PBXGroup;
			children = (
				3F4B54B2255D51FD002C8D80 /* TestTaskUITests.swift */,
				3F4B54B4255D51FD002C8D80 /* Info.plist */,
			);
			path = TestTaskUITests;
			sourceTree = "<group>";
		};
		3F4B54DB255D5340002C8D80 /* LoginModule */ = {
			isa = PBXGroup;
			children = (
				3F4B54CB255D52B2002C8D80 /* LoginViewController.swift */,
				3F6A222B255D96C400DF3D69 /* LoginPresenter.swift */,
			);
			path = LoginModule;
			sourceTree = "<group>";
		};
		3F4B54DF255D534E002C8D80 /* WelcomeModule */ = {
			isa = PBXGroup;
			children = (
				3F4B54D3255D52CA002C8D80 /* WelcomeViewController.swift */,
				3F6A2226255D96B600DF3D69 /* WelcomePresenter.swift */,
			);
			path = WelcomeModule;
			sourceTree = "<group>";
		};
		3F4B54F8255D575D002C8D80 /* Extensions */ = {
			isa = PBXGroup;
			children = (
				3F4B54F3255D5758002C8D80 /* UIColor+Extension.swift */,
				3F4B551B255D775E002C8D80 /* UIButton+Extension.swift */,
			);
			path = Extensions;
			sourceTree = "<group>";
		};
		3F4B5501255D5EEF002C8D80 /* CustomClasses */ = {
			isa = PBXGroup;
			children = (
				3F4B54FC255D5EEA002C8D80 /* CircleView.swift */,
				3F4B5516255D6F17002C8D80 /* RoundedButton.swift */,
				3F6A2272255E736000DF3D69 /* CustomTextField.swift */,
			);
			path = CustomClasses;
			sourceTree = "<group>";
		};
		3F6A2235255D96DA00DF3D69 /* Services */ = {
			isa = PBXGroup;
			children = (
				3F6A223E255D970D00DF3D69 /* ServiceFactory.swift */,
				3F6A2230255D96D500DF3D69 /* Router.swift */,
				3F6A2260255D98B000DF3D69 /* AssemblyBuilder.swift */,
				3F6A2243255D974400DF3D69 /* EmailValidateService.swift */,
			);
			path = Services;
			sourceTree = "<group>";
		};
		3F6A225A255D979000DF3D69 /* Base */ = {
			isa = PBXGroup;
			children = (
				3F6A2255255D978D00DF3D69 /* RoutableViewController.swift */,
			);
			path = Base;
			sourceTree = "<group>";
		};
		3F6A227A255E7C5900DF3D69 /* RecoveryModule */ = {
			isa = PBXGroup;
			children = (
				3F6A227B255E7C9600DF3D69 /* RecoveryViewController.swift */,
				3F6A2283255E7CAA00DF3D69 /* RecoveryPresenter.swift */,
			);
			path = RecoveryModule;
			sourceTree = "<group>";
		};
		3F7C18262562855000B778FC /* Modules */ = {
			isa = PBXGroup;
			children = (
				3F4B54DF255D534E002C8D80 /* WelcomeModule */,
				3F4B54DB255D5340002C8D80 /* LoginModule */,
				3F6A227A255E7C5900DF3D69 /* RecoveryModule */,
			);
			path = Modules;
			sourceTree = "<group>";
		};
/* End PBXGroup section */

/* Begin PBXNativeTarget section */
		3F4B548C255D51F7002C8D80 /* TestTask */ = {
			isa = PBXNativeTarget;
			buildConfigurationList = 3F4B54B7255D51FD002C8D80 /* Build configuration list for PBXNativeTarget "TestTask" */;
			buildPhases = (
				3F4B5489255D51F7002C8D80 /* Sources */,
				3F4B548A255D51F7002C8D80 /* Frameworks */,
				3F4B548B255D51F7002C8D80 /* Resources */,
			);
			buildRules = (
			);
			dependencies = (
			);
			name = TestTask;
			productName = TestTask;
			productReference = 3F4B548D255D51F7002C8D80 /* TestTask.app */;
			productType = "com.apple.product-type.application";
		};
		3F4B54A2255D51FD002C8D80 /* TestTaskTests */ = {
			isa = PBXNativeTarget;
			buildConfigurationList = 3F4B54BA255D51FD002C8D80 /* Build configuration list for PBXNativeTarget "TestTaskTests" */;
			buildPhases = (
				3F4B549F255D51FD002C8D80 /* Sources */,
				3F4B54A0255D51FD002C8D80 /* Frameworks */,
				3F4B54A1255D51FD002C8D80 /* Resources */,
			);
			buildRules = (
			);
			dependencies = (
				3F4B54A5255D51FD002C8D80 /* PBXTargetDependency */,
			);
			name = TestTaskTests;
			productName = TestTaskTests;
			productReference = 3F4B54A3255D51FD002C8D80 /* TestTaskTests.xctest */;
			productType = "com.apple.product-type.bundle.unit-test";
		};
		3F4B54AD255D51FD002C8D80 /* TestTaskUITests */ = {
			isa = PBXNativeTarget;
			buildConfigurationList = 3F4B54BD255D51FD002C8D80 /* Build configuration list for PBXNativeTarget "TestTaskUITests" */;
			buildPhases = (
				3F4B54AA255D51FD002C8D80 /* Sources */,
				3F4B54AB255D51FD002C8D80 /* Frameworks */,
				3F4B54AC255D51FD002C8D80 /* Resources */,
			);
			buildRules = (
			);
			dependencies = (
				3F4B54B0255D51FD002C8D80 /* PBXTargetDependency */,
			);
			name = TestTaskUITests;
			productName = TestTaskUITests;
			productReference = 3F4B54AE255D51FD002C8D80 /* TestTaskUITests.xctest */;
			productType = "com.apple.product-type.bundle.ui-testing";
		};
/* End PBXNativeTarget section */

/* Begin PBXProject section */
		3F4B5485255D51F6002C8D80 /* Project object */ = {
			isa = PBXProject;
			attributes = {
				LastSwiftUpdateCheck = 1210;
				LastUpgradeCheck = 1210;
				TargetAttributes = {
					3F4B548C255D51F7002C8D80 = {
						CreatedOnToolsVersion = 12.1;
					};
					3F4B54A2255D51FD002C8D80 = {
						CreatedOnToolsVersion = 12.1;
						TestTargetID = 3F4B548C255D51F7002C8D80;
					};
					3F4B54AD255D51FD002C8D80 = {
						CreatedOnToolsVersion = 12.1;
						TestTargetID = 3F4B548C255D51F7002C8D80;
					};
				};
			};
			buildConfigurationList = 3F4B5488255D51F7002C8D80 /* Build configuration list for PBXProject "TestTask" */;
			compatibilityVersion = "Xcode 9.3";
			developmentRegion = en;
			hasScannedForEncodings = 0;
			knownRegions = (
				en,
				Base,
			);
			mainGroup = 3F4B5484255D51F6002C8D80;
			productRefGroup = 3F4B548E255D51F7002C8D80 /* Products */;
			projectDirPath = "";
			projectRoot = "";
			targets = (
				3F4B548C255D51F7002C8D80 /* TestTask */,
				3F4B54A2255D51FD002C8D80 /* TestTaskTests */,
				3F4B54AD255D51FD002C8D80 /* TestTaskUITests */,
			);
		};
/* End PBXProject section */

/* Begin PBXResourcesBuildPhase section */
		3F4B548B255D51F7002C8D80 /* Resources */ = {
			isa = PBXResourcesBuildPhase;
			buildActionMask = 2147483647;
			files = (
				3F4B549D255D51FD002C8D80 /* LaunchScreen.storyboard in Resources */,
				3F4B549A255D51FD002C8D80 /* Assets.xcassets in Resources */,
				3F4B5498255D51F7002C8D80 /* Main.storyboard in Resources */,
			);
			runOnlyForDeploymentPostprocessing = 0;
		};
		3F4B54A1255D51FD002C8D80 /* Resources */ = {
			isa = PBXResourcesBuildPhase;
			buildActionMask = 2147483647;
			files = (
			);
			runOnlyForDeploymentPostprocessing = 0;
		};
		3F4B54AC255D51FD002C8D80 /* Resources */ = {
			isa = PBXResourcesBuildPhase;
			buildActionMask = 2147483647;
			files = (
			);
			runOnlyForDeploymentPostprocessing = 0;
		};
/* End PBXResourcesBuildPhase section */

/* Begin PBXSourcesBuildPhase section */
		3F4B5489255D51F7002C8D80 /* Sources */ = {
			isa = PBXSourcesBuildPhase;
			buildActionMask = 2147483647;
			files = (
				3F6A2231255D96D500DF3D69 /* Router.swift in Sources */,
				3F4B54FD255D5EEA002C8D80 /* CircleView.swift in Sources */,
				3F6A2227255D96B600DF3D69 /* WelcomePresenter.swift in Sources */,
				3F6A2256255D978D00DF3D69 /* RoutableViewController.swift in Sources */,
				3F6A2273255E736000DF3D69 /* CustomTextField.swift in Sources */,
				3F4B54CC255D52B2002C8D80 /* LoginViewController.swift in Sources */,
				3F6A227C255E7C9600DF3D69 /* RecoveryViewController.swift in Sources */,
				3F4B550C255D65E3002C8D80 /* imageEnum.swift in Sources */,
				3F6A223F255D970D00DF3D69 /* ServiceFactory.swift in Sources */,
				3F6A222C255D96C400DF3D69 /* LoginPresenter.swift in Sources */,
				3F4B54D4255D52CA002C8D80 /* WelcomeViewController.swift in Sources */,
				3F6A2284255E7CAA00DF3D69 /* RecoveryPresenter.swift in Sources */,
				3F4B5517255D6F18002C8D80 /* RoundedButton.swift in Sources */,
				3F6A2244255D974400DF3D69 /* EmailValidateService.swift in Sources */,
				3F4B551C255D775E002C8D80 /* UIButton+Extension.swift in Sources */,
				3F4B5491255D51F7002C8D80 /* AppDelegate.swift in Sources */,
				3F4B54F4255D5758002C8D80 /* UIColor+Extension.swift in Sources */,
				3F6A2261255D98B000DF3D69 /* AssemblyBuilder.swift in Sources */,
			);
			runOnlyForDeploymentPostprocessing = 0;
		};
		3F4B549F255D51FD002C8D80 /* Sources */ = {
			isa = PBXSourcesBuildPhase;
			buildActionMask = 2147483647;
			files = (
				3F4B54A8255D51FD002C8D80 /* TestTaskTests.swift in Sources */,
			);
			runOnlyForDeploymentPostprocessing = 0;
		};
		3F4B54AA255D51FD002C8D80 /* Sources */ = {
			isa = PBXSourcesBuildPhase;
			buildActionMask = 2147483647;
			files = (
				3F4B54B3255D51FD002C8D80 /* TestTaskUITests.swift in Sources */,
			);
			runOnlyForDeploymentPostprocessing = 0;
		};
/* End PBXSourcesBuildPhase section */

/* Begin PBXTargetDependency section */
		3F4B54A5255D51FD002C8D80 /* PBXTargetDependency */ = {
			isa = PBXTargetDependency;
			target = 3F4B548C255D51F7002C8D80 /* TestTask */;
			targetProxy = 3F4B54A4255D51FD002C8D80 /* PBXContainerItemProxy */;
		};
		3F4B54B0255D51FD002C8D80 /* PBXTargetDependency */ = {
			isa = PBXTargetDependency;
			target = 3F4B548C255D51F7002C8D80 /* TestTask */;
			targetProxy = 3F4B54AF255D51FD002C8D80 /* PBXContainerItemProxy */;
		};
/* End PBXTargetDependency section */

/* Begin PBXVariantGroup section */
		3F4B5496255D51F7002C8D80 /* Main.storyboard */ = {
			isa = PBXVariantGroup;
			children = (
				3F4B5497255D51F7002C8D80 /* Base */,
			);
			name = Main.storyboard;
			sourceTree = "<group>";
		};
		3F4B549B255D51FD002C8D80 /* LaunchScreen.storyboard */ = {
			isa = PBXVariantGroup;
			children = (
				3F4B549C255D51FD002C8D80 /* Base */,
			);
			name = LaunchScreen.storyboard;
			sourceTree = "<group>";
		};
/* End PBXVariantGroup section */

/* Begin XCBuildConfiguration section */
		3F4B54B5255D51FD002C8D80 /* Debug */ = {
			isa = XCBuildConfiguration;
			buildSettings = {
				ALWAYS_SEARCH_USER_PATHS = NO;
				CLANG_ANALYZER_NONNULL = YES;
				CLANG_ANALYZER_NUMBER_OBJECT_CONVERSION = YES_AGGRESSIVE;
				CLANG_CXX_LANGUAGE_STANDARD = "gnu++14";
				CLANG_CXX_LIBRARY = "libc++";
				CLANG_ENABLE_MODULES = YES;
				CLANG_ENABLE_OBJC_ARC = YES;
				CLANG_ENABLE_OBJC_WEAK = YES;
				CLANG_WARN_BLOCK_CAPTURE_AUTORELEASING = YES;
				CLANG_WARN_BOOL_CONVERSION = YES;
				CLANG_WARN_COMMA = YES;
				CLANG_WARN_CONSTANT_CONVERSION = YES;
				CLANG_WARN_DEPRECATED_OBJC_IMPLEMENTATIONS = YES;
				CLANG_WARN_DIRECT_OBJC_ISA_USAGE = YES_ERROR;
				CLANG_WARN_DOCUMENTATION_COMMENTS = YES;
				CLANG_WARN_EMPTY_BODY = YES;
				CLANG_WARN_ENUM_CONVERSION = YES;
				CLANG_WARN_INFINITE_RECURSION = YES;
				CLANG_WARN_INT_CONVERSION = YES;
				CLANG_WARN_NON_LITERAL_NULL_CONVERSION = YES;
				CLANG_WARN_OBJC_IMPLICIT_RETAIN_SELF = YES;
				CLANG_WARN_OBJC_LITERAL_CONVERSION = YES;
				CLANG_WARN_OBJC_ROOT_CLASS = YES_ERROR;
				CLANG_WARN_QUOTED_INCLUDE_IN_FRAMEWORK_HEADER = YES;
				CLANG_WARN_RANGE_LOOP_ANALYSIS = YES;
				CLANG_WARN_STRICT_PROTOTYPES = YES;
				CLANG_WARN_SUSPICIOUS_MOVE = YES;
				CLANG_WARN_UNGUARDED_AVAILABILITY = YES_AGGRESSIVE;
				CLANG_WARN_UNREACHABLE_CODE = YES;
				CLANG_WARN__DUPLICATE_METHOD_MATCH = YES;
				COPY_PHASE_STRIP = NO;
				DEBUG_INFORMATION_FORMAT = dwarf;
				ENABLE_STRICT_OBJC_MSGSEND = YES;
				ENABLE_TESTABILITY = YES;
				GCC_C_LANGUAGE_STANDARD = gnu11;
				GCC_DYNAMIC_NO_PIC = NO;
				GCC_NO_COMMON_BLOCKS = YES;
				GCC_OPTIMIZATION_LEVEL = 0;
				GCC_PREPROCESSOR_DEFINITIONS = (
					"DEBUG=1",
					"$(inherited)",
				);
				GCC_WARN_64_TO_32_BIT_CONVERSION = YES;
				GCC_WARN_ABOUT_RETURN_TYPE = YES_ERROR;
				GCC_WARN_UNDECLARED_SELECTOR = YES;
				GCC_WARN_UNINITIALIZED_AUTOS = YES_AGGRESSIVE;
				GCC_WARN_UNUSED_FUNCTION = YES;
				GCC_WARN_UNUSED_VARIABLE = YES;
				IPHONEOS_DEPLOYMENT_TARGET = 14.1;
				MTL_ENABLE_DEBUG_INFO = INCLUDE_SOURCE;
				MTL_FAST_MATH = YES;
				ONLY_ACTIVE_ARCH = YES;
				SDKROOT = iphoneos;
				SWIFT_ACTIVE_COMPILATION_CONDITIONS = DEBUG;
				SWIFT_OPTIMIZATION_LEVEL = "-Onone";
			};
			name = Debug;
		};
		3F4B54B6255D51FD002C8D80 /* Release */ = {
			isa = XCBuildConfiguration;
			buildSettings = {
				ALWAYS_SEARCH_USER_PATHS = NO;
				CLANG_ANALYZER_NONNULL = YES;
				CLANG_ANALYZER_NUMBER_OBJECT_CONVERSION = YES_AGGRESSIVE;
				CLANG_CXX_LANGUAGE_STANDARD = "gnu++14";
				CLANG_CXX_LIBRARY = "libc++";
				CLANG_ENABLE_MODULES = YES;
				CLANG_ENABLE_OBJC_ARC = YES;
				CLANG_ENABLE_OBJC_WEAK = YES;
				CLANG_WARN_BLOCK_CAPTURE_AUTORELEASING = YES;
				CLANG_WARN_BOOL_CONVERSION = YES;
				CLANG_WARN_COMMA = YES;
				CLANG_WARN_CONSTANT_CONVERSION = YES;
				CLANG_WARN_DEPRECATED_OBJC_IMPLEMENTATIONS = YES;
				CLANG_WARN_DIRECT_OBJC_ISA_USAGE = YES_ERROR;
				CLANG_WARN_DOCUMENTATION_COMMENTS = YES;
				CLANG_WARN_EMPTY_BODY = YES;
				CLANG_WARN_ENUM_CONVERSION = YES;
				CLANG_WARN_INFINITE_RECURSION = YES;
				CLANG_WARN_INT_CONVERSION = YES;
				CLANG_WARN_NON_LITERAL_NULL_CONVERSION = YES;
				CLANG_WARN_OBJC_IMPLICIT_RETAIN_SELF = YES;
				CLANG_WARN_OBJC_LITERAL_CONVERSION = YES;
				CLANG_WARN_OBJC_ROOT_CLASS = YES_ERROR;
				CLANG_WARN_QUOTED_INCLUDE_IN_FRAMEWORK_HEADER = YES;
				CLANG_WARN_RANGE_LOOP_ANALYSIS = YES;
				CLANG_WARN_STRICT_PROTOTYPES = YES;
				CLANG_WARN_SUSPICIOUS_MOVE = YES;
				CLANG_WARN_UNGUARDED_AVAILABILITY = YES_AGGRESSIVE;
				CLANG_WARN_UNREACHABLE_CODE = YES;
				CLANG_WARN__DUPLICATE_METHOD_MATCH = YES;
				COPY_PHASE_STRIP = NO;
				DEBUG_INFORMATION_FORMAT = "dwarf-with-dsym";
				ENABLE_NS_ASSERTIONS = NO;
				ENABLE_STRICT_OBJC_MSGSEND = YES;
				GCC_C_LANGUAGE_STANDARD = gnu11;
				GCC_NO_COMMON_BLOCKS = YES;
				GCC_WARN_64_TO_32_BIT_CONVERSION = YES;
				GCC_WARN_ABOUT_RETURN_TYPE = YES_ERROR;
				GCC_WARN_UNDECLARED_SELECTOR = YES;
				GCC_WARN_UNINITIALIZED_AUTOS = YES_AGGRESSIVE;
				GCC_WARN_UNUSED_FUNCTION = YES;
				GCC_WARN_UNUSED_VARIABLE = YES;
				IPHONEOS_DEPLOYMENT_TARGET = 14.1;
				MTL_ENABLE_DEBUG_INFO = NO;
				MTL_FAST_MATH = YES;
				SDKROOT = iphoneos;
				SWIFT_COMPILATION_MODE = wholemodule;
				SWIFT_OPTIMIZATION_LEVEL = "-O";
				VALIDATE_PRODUCT = YES;
			};
			name = Release;
		};
		3F4B54B8255D51FD002C8D80 /* Debug */ = {
			isa = XCBuildConfiguration;
			buildSettings = {
				ASSETCATALOG_COMPILER_APPICON_NAME = AppIcon;
				ASSETCATALOG_COMPILER_GLOBAL_ACCENT_COLOR_NAME = AccentColor;
				CODE_SIGN_STYLE = Automatic;
				DEVELOPMENT_TEAM = YM3NBJ97S4;
				INFOPLIST_FILE = TestTask/Info.plist;
				LD_RUNPATH_SEARCH_PATHS = (
					"$(inherited)",
					"@executable_path/Frameworks",
				);
				PRODUCT_BUNDLE_IDENTIFIER = Qastell.TestTask;
				PRODUCT_NAME = "$(TARGET_NAME)";
				SWIFT_VERSION = 5.0;
				TARGETED_DEVICE_FAMILY = "1,2";
			};
			name = Debug;
		};
		3F4B54B9255D51FD002C8D80 /* Release */ = {
			isa = XCBuildConfiguration;
			buildSettings = {
				ASSETCATALOG_COMPILER_APPICON_NAME = AppIcon;
				ASSETCATALOG_COMPILER_GLOBAL_ACCENT_COLOR_NAME = AccentColor;
				CODE_SIGN_STYLE = Automatic;
				DEVELOPMENT_TEAM = YM3NBJ97S4;
				INFOPLIST_FILE = TestTask/Info.plist;
				LD_RUNPATH_SEARCH_PATHS = (
					"$(inherited)",
					"@executable_path/Frameworks",
				);
				PRODUCT_BUNDLE_IDENTIFIER = Qastell.TestTask;
				PRODUCT_NAME = "$(TARGET_NAME)";
				SWIFT_VERSION = 5.0;
				TARGETED_DEVICE_FAMILY = "1,2";
			};
			name = Release;
		};
		3F4B54BB255D51FD002C8D80 /* Debug */ = {
			isa = XCBuildConfiguration;
			buildSettings = {
				ALWAYS_EMBED_SWIFT_STANDARD_LIBRARIES = YES;
				BUNDLE_LOADER = "$(TEST_HOST)";
				CODE_SIGN_STYLE = Automatic;
				INFOPLIST_FILE = TestTaskTests/Info.plist;
				IPHONEOS_DEPLOYMENT_TARGET = 14.1;
				LD_RUNPATH_SEARCH_PATHS = (
					"$(inherited)",
					"@executable_path/Frameworks",
					"@loader_path/Frameworks",
				);
				PRODUCT_BUNDLE_IDENTIFIER = Qastell.TestTaskTests;
				PRODUCT_NAME = "$(TARGET_NAME)";
				SWIFT_VERSION = 5.0;
				TARGETED_DEVICE_FAMILY = "1,2";
				TEST_HOST = "$(BUILT_PRODUCTS_DIR)/TestTask.app/TestTask";
			};
			name = Debug;
		};
		3F4B54BC255D51FD002C8D80 /* Release */ = {
			isa = XCBuildConfiguration;
			buildSettings = {
				ALWAYS_EMBED_SWIFT_STANDARD_LIBRARIES = YES;
				BUNDLE_LOADER = "$(TEST_HOST)";
				CODE_SIGN_STYLE = Automatic;
				INFOPLIST_FILE = TestTaskTests/Info.plist;
				IPHONEOS_DEPLOYMENT_TARGET = 14.1;
				LD_RUNPATH_SEARCH_PATHS = (
					"$(inherited)",
					"@executable_path/Frameworks",
					"@loader_path/Frameworks",
				);
				PRODUCT_BUNDLE_IDENTIFIER = Qastell.TestTaskTests;
				PRODUCT_NAME = "$(TARGET_NAME)";
				SWIFT_VERSION = 5.0;
				TARGETED_DEVICE_FAMILY = "1,2";
				TEST_HOST = "$(BUILT_PRODUCTS_DIR)/TestTask.app/TestTask";
			};
			name = Release;
		};
		3F4B54BE255D51FD002C8D80 /* Debug */ = {
			isa = XCBuildConfiguration;
			buildSettings = {
				ALWAYS_EMBED_SWIFT_STANDARD_LIBRARIES = YES;
				CODE_SIGN_STYLE = Automatic;
				INFOPLIST_FILE = TestTaskUITests/Info.plist;
				LD_RUNPATH_SEARCH_PATHS = (
					"$(inherited)",
					"@executable_path/Frameworks",
					"@loader_path/Frameworks",
				);
				PRODUCT_BUNDLE_IDENTIFIER = Qastell.TestTaskUITests;
				PRODUCT_NAME = "$(TARGET_NAME)";
				SWIFT_VERSION = 5.0;
				TARGETED_DEVICE_FAMILY = "1,2";
				TEST_TARGET_NAME = TestTask;
			};
			name = Debug;
		};
		3F4B54BF255D51FD002C8D80 /* Release */ = {
			isa = XCBuildConfiguration;
			buildSettings = {
				ALWAYS_EMBED_SWIFT_STANDARD_LIBRARIES = YES;
				CODE_SIGN_STYLE = Automatic;
				INFOPLIST_FILE = TestTaskUITests/Info.plist;
				LD_RUNPATH_SEARCH_PATHS = (
					"$(inherited)",
					"@executable_path/Frameworks",
					"@loader_path/Frameworks",
				);
				PRODUCT_BUNDLE_IDENTIFIER = Qastell.TestTaskUITests;
				PRODUCT_NAME = "$(TARGET_NAME)";
				SWIFT_VERSION = 5.0;
				TARGETED_DEVICE_FAMILY = "1,2";
				TEST_TARGET_NAME = TestTask;
			};
			name = Release;
		};
/* End XCBuildConfiguration section */

/* Begin XCConfigurationList section */
		3F4B5488255D51F7002C8D80 /* Build configuration list for PBXProject "TestTask" */ = {
			isa = XCConfigurationList;
			buildConfigurations = (
				3F4B54B5255D51FD002C8D80 /* Debug */,
				3F4B54B6255D51FD002C8D80 /* Release */,
			);
			defaultConfigurationIsVisible = 0;
			defaultConfigurationName = Release;
		};
		3F4B54B7255D51FD002C8D80 /* Build configuration list for PBXNativeTarget "TestTask" */ = {
			isa = XCConfigurationList;
			buildConfigurations = (
				3F4B54B8255D51FD002C8D80 /* Debug */,
				3F4B54B9255D51FD002C8D80 /* Release */,
			);
			defaultConfigurationIsVisible = 0;
			defaultConfigurationName = Release;
		};
		3F4B54BA255D51FD002C8D80 /* Build configuration list for PBXNativeTarget "TestTaskTests" */ = {
			isa = XCConfigurationList;
			buildConfigurations = (
				3F4B54BB255D51FD002C8D80 /* Debug */,
				3F4B54BC255D51FD002C8D80 /* Release */,
			);
			defaultConfigurationIsVisible = 0;
			defaultConfigurationName = Release;
		};
		3F4B54BD255D51FD002C8D80 /* Build configuration list for PBXNativeTarget "TestTaskUITests" */ = {
			isa = XCConfigurationList;
			buildConfigurations = (
				3F4B54BE255D51FD002C8D80 /* Debug */,
				3F4B54BF255D51FD002C8D80 /* Release */,
			);
			defaultConfigurationIsVisible = 0;
			defaultConfigurationName = Release;
		};
/* End XCConfigurationList section */
	};
	rootObject = 3F4B5485255D51F6002C8D80 /* Project object */;
}
